
Microsoft Visual Studio Solution File, Format Version 12.00
# Visual Studio 2013
VisualStudioVersion = 12.0.31101.0
MinimumVisualStudioVersion = 10.0.40219.1
Project("{FAE04EC0-301F-11D3-BF4B-00C04F79EFBC}") = "StockFinance", "StockFinance\StockFinance.csproj", "{770D8993-7D9C-4395-92E2-5E6B5F2A6965}"
EndProject
Project("{FAE04EC0-301F-11D3-BF4B-00C04F79EFBC}") = "StockFinance.Tests", "StockFinance.Tests\StockFinance.Tests.csproj", "{CB2ADA95-AC27-4872-B469-AB11AB9CB5CF}"
EndProject
Global
	GlobalSection(SolutionConfigurationPlatforms) = preSolution
		Debug|Any CPU = Debug|Any CPU
		Release|Any CPU = Release|Any CPU
	EndGlobalSection
	GlobalSection(ProjectConfigurationPlatforms) = postSolution
		{770D8993-7D9C-4395-92E2-5E6B5F2A6965}.Debug|Any CPU.ActiveCfg = Debug|Any CPU
		{770D8993-7D9C-4395-92E2-5E6B5F2A6965}.Debug|Any CPU.Build.0 = Debug|Any CPU
		{770D8993-7D9C-4395-92E2-5E6B5F2A6965}.Release|Any CPU.ActiveCfg = Release|Any CPU
		{770D8993-7D9C-4395-92E2-5E6B5F2A6965}.Release|Any CPU.Build.0 = Release|Any CPU
		{CB2ADA95-AC27-4872-B469-AB11AB9CB5CF}.Debug|Any CPU.ActiveCfg = Debug|Any CPU
		{CB2ADA95-AC27-4872-B469-AB11AB9CB5CF}.Debug|Any CPU.Build.0 = Debug|Any CPU
		{CB2ADA95-AC27-4872-B469-AB11AB9CB5CF}.Release|Any CPU.ActiveCfg = Release|Any CPU
		{CB2ADA95-AC27-4872-B469-AB11AB9CB5CF}.Release|Any CPU.Build.0 = Release|Any CPU
		{CB2ADA95-AC27-4872-B469-AB11AB9CB5CF}.Release|Any CPU.Deploy.0 = Release|Any CPU
	EndGlobalSection
	GlobalSection(SolutionProperties) = preSolution
		HideSolutionNode = FALSE
	EndGlobalSection
EndGlobal
